
Microsoft Visual Studio Solution File, Format Version 12.00
# Visual Studio Version 17
VisualStudioVersion = 17.6.33829.357
MinimumVisualStudioVersion = 10.0.40219.1
Project("{FAE04EC0-301F-11D3-BF4B-00C04F79EFBC}") = "MvcNetCoreEF", "MvcNetCoreEF\MvcNetCoreEF.csproj", "{E8580F1E-B541-4823-98BD-F2660363C790}"
EndProject
Global
	GlobalSection(SolutionConfigurationPlatforms) = preSolution
		Debug|Any CPU = Debug|Any CPU
		Release|Any CPU = Release|Any CPU
	EndGlobalSection
	GlobalSection(ProjectConfigurationPlatforms) = postSolution
		{E8580F1E-B541-4823-98BD-F2660363C790}.Debug|Any CPU.ActiveCfg = Debug|Any CPU
		{E8580F1E-B541-4823-98BD-F2660363C790}.Debug|Any CPU.Build.0 = Debug|Any CPU
		{E8580F1E-B541-4823-98BD-F2660363C790}.Release|Any CPU.ActiveCfg = Release|Any CPU
		{E8580F1E-B541-4823-98BD-F2660363C790}.Release|Any CPU.Build.0 = Release|Any CPU
	EndGlobalSection
	GlobalSection(SolutionProperties) = preSolution
		HideSolutionNode = FALSE
	EndGlobalSection
	GlobalSection(ExtensibilityGlobals) = postSolution
		SolutionGuid = {B919D237-BFB7-4EF5-BDFF-7DBEE0960287}
	EndGlobalSection
EndGlobal
